Microsoft Visual Studio Solution File, Format Version 12.00
# Visual Studio Version 17
VisualStudioVersion = 17.5.2.0
MinimumVisualStudioVersion = 10.0.40219.1
Project("{FAE04EC0-301F-11D3-BF4B-00C04F79EFBC}") = ".net_Curso", ".net_Curso.csproj", "{46773432-7155-F0AC-6C4A-AF88F946F556}"
EndProject
Global
	GlobalSection(SolutionConfigurationPlatforms) = preSolution
		Debug|Any CPU = Debug|Any CPU
		Release|Any CPU = Release|Any CPU
	EndGlobalSection
	GlobalSection(ProjectConfigurationPlatforms) = postSolution
		{46773432-7155-F0AC-6C4A-AF88F946F556}.Debug|Any CPU.ActiveCfg = Debug|Any CPU
		{46773432-7155-F0AC-6C4A-AF88F946F556}.Debug|Any CPU.Build.0 = Debug|Any CPU
		{46773432-7155-F0AC-6C4A-AF88F946F556}.Release|Any CPU.ActiveCfg = Release|Any CPU
		{46773432-7155-F0AC-6C4A-AF88F946F556}.Release|Any CPU.Build.0 = Release|Any CPU
	EndGlobalSection
	GlobalSection(SolutionProperties) = preSolution
		HideSolutionNode = FALSE
	EndGlobalSection
	GlobalSection(ExtensibilityGlobals) = postSolution
		SolutionGuid = {3B1A0922-57ED-4B5F-A75B-A867DC3CA2FA}
	EndGlobalSection
EndGlobal
